
Microsoft Visual Studio Solution File, Format Version 12.00
# Visual Studio Version 17
VisualStudioVersion = 17.11.35222.181
MinimumVisualStudioVersion = 10.0.40219.1
Project("{FAE04EC0-301F-11D3-BF4B-00C04F79EFBC}") = "TheObjectOfYourAffection", "TheObjectOfYourAffection\TheObjectOfYourAffection.csproj", "{B2B147FC-62F4-495C-B4EE-13734EA8DBA5}"
EndProject
Global
	GlobalSection(SolutionConfigurationPlatforms) = preSolution
		Debug|Any CPU = Debug|Any CPU
		Release|Any CPU = Release|Any CPU
	EndGlobalSection
	GlobalSection(ProjectConfigurationPlatforms) = postSolution
		{B2B147FC-62F4-495C-B4EE-13734EA8DBA5}.Debug|Any CPU.ActiveCfg = Debug|Any CPU
		{B2B147FC-62F4-495C-B4EE-13734EA8DBA5}.Debug|Any CPU.Build.0 = Debug|Any CPU
		{B2B147FC-62F4-495C-B4EE-13734EA8DBA5}.Release|Any CPU.ActiveCfg = Release|Any CPU
		{B2B147FC-62F4-495C-B4EE-13734EA8DBA5}.Release|Any CPU.Build.0 = Release|Any CPU
	EndGlobalSection
	GlobalSection(SolutionProperties) = preSolution
		HideSolutionNode = FALSE
	EndGlobalSection
	GlobalSection(ExtensibilityGlobals) = postSolution
		SolutionGuid = {12008C96-1452-4B87-9CED-187C3B165BBB}
	EndGlobalSection
EndGlobal
