
Microsoft Visual Studio Solution File, Format Version 12.00
# Visual Studio Version 17
VisualStudioVersion = 17.11.35222.181
MinimumVisualStudioVersion = 10.0.40219.1
Project("{FAE04EC0-301F-11D3-BF4B-00C04F79EFBC}") = "GreetingsEarth", "GreetingsEarth\GreetingsEarth.csproj", "{5F382428-1500-4989-999F-322EA762F89B}"
EndProject
Global
	GlobalSection(SolutionConfigurationPlatforms) = preSolution
		Debug|Any CPU = Debug|Any CPU
		Release|Any CPU = Release|Any CPU
	EndGlobalSection
	GlobalSection(ProjectConfigurationPlatforms) = postSolution
		{5F382428-1500-4989-999F-322EA762F89B}.Debug|Any CPU.ActiveCfg = Debug|Any CPU
		{5F382428-1500-4989-999F-322EA762F89B}.Debug|Any CPU.Build.0 = Debug|Any CPU
		{5F382428-1500-4989-999F-322EA762F89B}.Release|Any CPU.ActiveCfg = Release|Any CPU
		{5F382428-1500-4989-999F-322EA762F89B}.Release|Any CPU.Build.0 = Release|Any CPU
	EndGlobalSection
	GlobalSection(SolutionProperties) = preSolution
		HideSolutionNode = FALSE
	EndGlobalSection
	GlobalSection(ExtensibilityGlobals) = postSolution
		SolutionGuid = {D389CA87-5758-4418-9131-6FDF8F0E931B}
	EndGlobalSection
EndGlobal
