
Microsoft Visual Studio Solution File, Format Version 12.00
# Visual Studio Version 17
VisualStudioVersion = 17.11.35222.181
MinimumVisualStudioVersion = 10.0.40219.1
Project("{FAE04EC0-301F-11D3-BF4B-00C04F79EFBC}") = "RoverControlCenter", "RoverControlCenter\RoverControlCenter.csproj", "{F13E010E-B460-4CF8-B589-03DA9D9B235B}"
EndProject
Global
	GlobalSection(SolutionConfigurationPlatforms) = preSolution
		Debug|Any CPU = Debug|Any CPU
		Release|Any CPU = Release|Any CPU
	EndGlobalSection
	GlobalSection(ProjectConfigurationPlatforms) = postSolution
		{F13E010E-B460-4CF8-B589-03DA9D9B235B}.Debug|Any CPU.ActiveCfg = Debug|Any CPU
		{F13E010E-B460-4CF8-B589-03DA9D9B235B}.Debug|Any CPU.Build.0 = Debug|Any CPU
		{F13E010E-B460-4CF8-B589-03DA9D9B235B}.Release|Any CPU.ActiveCfg = Release|Any CPU
		{F13E010E-B460-4CF8-B589-03DA9D9B235B}.Release|Any CPU.Build.0 = Release|Any CPU
	EndGlobalSection
	GlobalSection(SolutionProperties) = preSolution
		HideSolutionNode = FALSE
	EndGlobalSection
	GlobalSection(ExtensibilityGlobals) = postSolution
		SolutionGuid = {C70A665C-EDAD-48EC-9DC0-34EFD58426AE}
	EndGlobalSection
EndGlobal
