
Microsoft Visual Studio Solution File, Format Version 12.00
# Visual Studio Version 17
VisualStudioVersion = 17.11.35222.181
MinimumVisualStudioVersion = 10.0.40219.1
Project("{FAE04EC0-301F-11D3-BF4B-00C04F79EFBC}") = "AppInterfaces", "AppInterfaces\AppInterfaces.csproj", "{8E240F40-2E1A-4D6A-AE5E-9AE3B8E9299D}"
EndProject
Global
	GlobalSection(SolutionConfigurationPlatforms) = preSolution
		Debug|Any CPU = Debug|Any CPU
		Release|Any CPU = Release|Any CPU
	EndGlobalSection
	GlobalSection(ProjectConfigurationPlatforms) = postSolution
		{8E240F40-2E1A-4D6A-AE5E-9AE3B8E9299D}.Debug|Any CPU.ActiveCfg = Debug|Any CPU
		{8E240F40-2E1A-4D6A-AE5E-9AE3B8E9299D}.Debug|Any CPU.Build.0 = Debug|Any CPU
		{8E240F40-2E1A-4D6A-AE5E-9AE3B8E9299D}.Release|Any CPU.ActiveCfg = Release|Any CPU
		{8E240F40-2E1A-4D6A-AE5E-9AE3B8E9299D}.Release|Any CPU.Build.0 = Release|Any CPU
	EndGlobalSection
	GlobalSection(SolutionProperties) = preSolution
		HideSolutionNode = FALSE
	EndGlobalSection
	GlobalSection(ExtensibilityGlobals) = postSolution
		SolutionGuid = {4C46BCF3-F661-4362-ACBC-8BBF52AEA3B4}
	EndGlobalSection
EndGlobal
