
Microsoft Visual Studio Solution File, Format Version 12.00
# Visual Studio Version 17
VisualStudioVersion = 17.11.35222.181
MinimumVisualStudioVersion = 10.0.40219.1
Project("{FAE04EC0-301F-11D3-BF4B-00C04F79EFBC}") = "PasswordChecker", "PasswordChecker\PasswordChecker.csproj", "{22C3A1A7-B100-492B-9092-C8D5D0E68359}"
EndProject
Global
	GlobalSection(SolutionConfigurationPlatforms) = preSolution
		Debug|Any CPU = Debug|Any CPU
		Release|Any CPU = Release|Any CPU
	EndGlobalSection
	GlobalSection(ProjectConfigurationPlatforms) = postSolution
		{22C3A1A7-B100-492B-9092-C8D5D0E68359}.Debug|Any CPU.ActiveCfg = Debug|Any CPU
		{22C3A1A7-B100-492B-9092-C8D5D0E68359}.Debug|Any CPU.Build.0 = Debug|Any CPU
		{22C3A1A7-B100-492B-9092-C8D5D0E68359}.Release|Any CPU.ActiveCfg = Release|Any CPU
		{22C3A1A7-B100-492B-9092-C8D5D0E68359}.Release|Any CPU.Build.0 = Release|Any CPU
	EndGlobalSection
	GlobalSection(SolutionProperties) = preSolution
		HideSolutionNode = FALSE
	EndGlobalSection
	GlobalSection(ExtensibilityGlobals) = postSolution
		SolutionGuid = {36F680BF-E0D6-46A6-A462-033C6163D50A}
	EndGlobalSection
EndGlobal
